# This file is automatically @generated by Cargo.
# It is not intended for manual editing.
version = 4

[[package]]
name = "elevating-heap"
version = "0.1.0"
dependencies = [
 "object-on-heap",
]

[[package]]
name = "libc"
version = "0.2.172"
source = "registry+https://github.com/rust-lang/crates.io-index"
checksum = "d750af042f7ef4f724306de029d18836c26c1765a54a6a3f094cbd23a7267ffa"

[[package]]
name = "memory-management"
version = "0.1.0"

[[package]]
name = "object-as-resource-owner"
version = "0.1.0"
dependencies = [
 "libc",
]

[[package]]
name = "object-on-heap"
version = "0.1.0"
dependencies = [
 "memory-management",
 "object-as-resource-owner",
]

[[package]]
name = "object-on-stack"
version = "0.1.0"
dependencies = [
 "object-as-resource-owner",
]
